
Microsoft Visual Studio Solution File, Format Version 12.00
# Visual Studio Version 16
VisualStudioVersion = 16.0.33328.57
MinimumVisualStudioVersion = 10.0.40219.1
Project("{E24C65DC-7377-472B-9ABA-BC803B73C61A}") = "InformesGerencialesMoto(4)", ".", "{5ECC202F-A296-4997-A6B0-D37B573E06DF}"
	ProjectSection(WebsiteProperties) = preProject
		TargetFrameworkMoniker = ".NETFramework,Version%3Dv4.0"
		Debug.AspNetCompiler.VirtualPath = "/localhost_52791"
		Debug.AspNetCompiler.PhysicalPath = "..\InformesGerencialesMoto\"
		Debug.AspNetCompiler.TargetPath = "PrecompiledWeb\localhost_52791\"
		Debug.AspNetCompiler.Updateable = "true"
		Debug.AspNetCompiler.ForceOverwrite = "true"
		Debug.AspNetCompiler.FixedNames = "false"
		Debug.AspNetCompiler.Debug = "True"
		Release.AspNetCompiler.VirtualPath = "/localhost_52791"
		Release.AspNetCompiler.PhysicalPath = "..\InformesGerencialesMoto\"
		Release.AspNetCompiler.TargetPath = "PrecompiledWeb\localhost_52791\"
		Release.AspNetCompiler.Updateable = "true"
		Release.AspNetCompiler.ForceOverwrite = "true"
		Release.AspNetCompiler.FixedNames = "false"
		Release.AspNetCompiler.Debug = "False"
		VWDPort = "52791"
		SlnRelativePath = "..\InformesGerencialesMoto\"
	EndProjectSection
EndProject
Global
	GlobalSection(SolutionConfigurationPlatforms) = preSolution
		Debug|Any CPU = Debug|Any CPU
	EndGlobalSection
	GlobalSection(ProjectConfigurationPlatforms) = postSolution
		{5ECC202F-A296-4997-A6B0-D37B573E06DF}.Debug|Any CPU.ActiveCfg = Debug|Any CPU
		{5ECC202F-A296-4997-A6B0-D37B573E06DF}.Debug|Any CPU.Build.0 = Debug|Any CPU
	EndGlobalSection
	GlobalSection(SolutionProperties) = preSolution
		HideSolutionNode = FALSE
	EndGlobalSection
	GlobalSection(ExtensibilityGlobals) = postSolution
		SolutionGuid = {6EB27FD8-647B-4F0D-9662-A231868672A6}
	EndGlobalSection
EndGlobal
